// !$*UTF8*$!
{
	archiveVersion = 1;
	classes = {
	};
	objectVersion = 46;
	objects = {

/* Begin PBXBuildFile section */
		1129D39E1BF76535008453C0 /* AppDelegate.swift in Sources */ = {isa = PBXBuildFile; fileRef = 1129D39D1BF76535008453C0 /* AppDelegate.swift */; };
		1129D3A01BF76535008453C0 /* ViewController.swift in Sources */ = {isa = PBXBuildFile; fileRef = 1129D39F1BF76535008453C0 /* ViewController.swift */; };
		1129D3A51BF76535008453C0 /* Assets.xcassets in Resources */ = {isa = PBXBuildFile; fileRef = 1129D3A41BF76535008453C0 /* Assets.xcassets */; };
		1129D3BE1BF76592008453C0 /* playpause.png in Resources */ = {isa = PBXBuildFile; fileRef = 1129D3AF1BF76592008453C0 /* playpause.png */; settings = {ASSET_TAGS = (); }; };
		1129D3BF1BF76592008453C0 /* stop.png in Resources */ = {isa = PBXBuildFile; fileRef = 1129D3B01BF76592008453C0 /* stop.png */; settings = {ASSET_TAGS = (); }; };
		1129D3C11BF76592008453C0 /* Throne.mp3 in Resources */ = {isa = PBXBuildFile; fileRef = 1129D3B21BF76592008453C0 /* Throne.mp3 */; settings = {ASSET_TAGS = (); }; };
		1129D3CA1BF76592008453C0 /* Info.plist in Resources */ = {isa = PBXBuildFile; fileRef = 1129D3BB1BF76592008453C0 /* Info.plist */; settings = {ASSET_TAGS = (); }; };
		1129D3CB1BF76592008453C0 /* LaunchScreen.xib in Resources */ = {isa = PBXBuildFile; fileRef = 1129D3BC1BF76592008453C0 /* LaunchScreen.xib */; settings = {ASSET_TAGS = (); }; };
		1129D3CC1BF76592008453C0 /* Main.storyboard in Resources */ = {isa = PBXBuildFile; fileRef = 1129D3BD1BF76592008453C0 /* Main.storyboard */; settings = {ASSET_TAGS = (); }; };
		11B30A4B1BFA28C2007328D4 /* Happy Song.mp3 in Resources */ = {isa = PBXBuildFile; fileRef = 11B30A4A1BFA28C2007328D4 /* Happy Song.mp3 */; settings = {ASSET_TAGS = (); }; };
		11B30A4E1BFA2E66007328D4 /* True Friends.mp3 in Resources */ = {isa = PBXBuildFile; fileRef = 11B30A4C1BFA2E66007328D4 /* True Friends.mp3 */; settings = {ASSET_TAGS = (); }; };
		11B30A4F1BFA2E66007328D4 /* Oh No.mp3 in Resources */ = {isa = PBXBuildFile; fileRef = 11B30A4D1BFA2E66007328D4 /* Oh No.mp3 */; settings = {ASSET_TAGS = (); }; };
		11B30A641BFA2EB8007328D4 /* Lonely Soul.mp3 in Resources */ = {isa = PBXBuildFile; fileRef = 11B30A501BFA2EB8007328D4 /* Lonely Soul.mp3 */; settings = {ASSET_TAGS = (); }; };
		11B30A651BFA2EB8007328D4 /* Bloodstain.mp3 in Resources */ = {isa = PBXBuildFile; fileRef = 11B30A511BFA2EB8007328D4 /* Bloodstain.mp3 */; settings = {ASSET_TAGS = (); }; };
		11B30A661BFA2EB8007328D4 /* Unkle.mp3 in Resources */ = {isa = PBXBuildFile; fileRef = 11B30A521BFA2EB8007328D4 /* Unkle.mp3 */; settings = {ASSET_TAGS = (); }; };
		11B30A671BFA2EB8007328D4 /* Midnight.mp3 in Resources */ = {isa = PBXBuildFile; fileRef = 11B30A531BFA2EB8007328D4 /* Midnight.mp3 */; settings = {ASSET_TAGS = (); }; };
		11B30A681BFA2EB8007328D4 /* All About You.mp3 in Resources */ = {isa = PBXBuildFile; fileRef = 11B30A541BFA2EB8007328D4 /* All About You.mp3 */; settings = {ASSET_TAGS = (); }; };
		11B30A691BFA2EB8007328D4 /* Dear Mama.mp3 in Resources */ = {isa = PBXBuildFile; fileRef = 11B30A551BFA2EB8007328D4 /* Dear Mama.mp3 */; settings = {ASSET_TAGS = (); }; };
		11B30A6A1BFA2EB8007328D4 /* Changes.mp3 in Resources */ = {isa = PBXBuildFile; fileRef = 11B30A561BFA2EB8007328D4 /* Changes.mp3 */; settings = {ASSET_TAGS = (); }; };
		11B30A6B1BFA2EB8007328D4 /* Hit Em Up.mp3 in Resources */ = {isa = PBXBuildFile; fileRef = 11B30A571BFA2EB8007328D4 /* Hit Em Up.mp3 */; settings = {ASSET_TAGS = (); }; };
		11B30A6C1BFA2EB8007328D4 /* Candle Chant.mp3 in Resources */ = {isa = PBXBuildFile; fileRef = 11B30A581BFA2EB8007328D4 /* Candle Chant.mp3 */; settings = {ASSET_TAGS = (); }; };
		11B30A6D1BFA2EB8007328D4 /* Danger Of Love.mp3 in Resources */ = {isa = PBXBuildFile; fileRef = 11B30A591BFA2EB8007328D4 /* Danger Of Love.mp3 */; settings = {ASSET_TAGS = (); }; };
		11B30A6E1BFA2EB8007328D4 /* Song 1.mp3 in Resources */ = {isa = PBXBuildFile; fileRef = 11B30A5A1BFA2EB8007328D4 /* Song 1.mp3 */; settings = {ASSET_TAGS = (); }; };
		11B30A6F1BFA2EB8007328D4 /* Zen Approach.mp3 in Resources */ = {isa = PBXBuildFile; fileRef = 11B30A5B1BFA2EB8007328D4 /* Zen Approach.mp3 */; settings = {ASSET_TAGS = (); }; };
		11B30A701BFA2EB8007328D4 /* Back In Black.mp3 in Resources */ = {isa = PBXBuildFile; fileRef = 11B30A5C1BFA2EB8007328D4 /* Back In Black.mp3 */; settings = {ASSET_TAGS = (); }; };
		11B30A711BFA2EB8007328D4 /* Thunderstruck.mp3 in Resources */ = {isa = PBXBuildFile; fileRef = 11B30A5D1BFA2EB8007328D4 /* Thunderstruck.mp3 */; settings = {ASSET_TAGS = (); }; };
		11B30A721BFA2EB8007328D4 /* Moneytalks.mp3 in Resources */ = {isa = PBXBuildFile; fileRef = 11B30A5E1BFA2EB8007328D4 /* Moneytalks.mp3 */; settings = {ASSET_TAGS = (); }; };
		11B30A731BFA2EB8007328D4 /* Big Gun.mp3 in Resources */ = {isa = PBXBuildFile; fileRef = 11B30A5F1BFA2EB8007328D4 /* Big Gun.mp3 */; settings = {ASSET_TAGS = (); }; };
		11B30A741BFA2EB8007328D4 /* You're Nobody.mp3 in Resources */ = {isa = PBXBuildFile; fileRef = 11B30A601BFA2EB8007328D4 /* You're Nobody.mp3 */; settings = {ASSET_TAGS = (); }; };
		11B30A751BFA2EB8007328D4 /* Sky's The Limit.mp3 in Resources */ = {isa = PBXBuildFile; fileRef = 11B30A611BFA2EB8007328D4 /* Sky's The Limit.mp3 */; settings = {ASSET_TAGS = (); }; };
		11B30A761BFA2EB8007328D4 /* Notorious Thugs.mp3 in Resources */ = {isa = PBXBuildFile; fileRef = 11B30A621BFA2EB8007328D4 /* Notorious Thugs.mp3 */; settings = {ASSET_TAGS = (); }; };
		11B30A771BFA2EB8007328D4 /* Hypnotize.mp3 in Resources */ = {isa = PBXBuildFile; fileRef = 11B30A631BFA2EB8007328D4 /* Hypnotize.mp3 */; settings = {ASSET_TAGS = (); }; };
/* End PBXBuildFile section */

/* Begin PBXFileReference section */
		1129D39A1BF76535008453C0 /* MusicPlayer.app */ = {isa = PBXFileReference; explicitFileType = wrapper.application; includeInIndex = 0; path = MusicPlayer.app; sourceTree = BUILT_PRODUCTS_DIR; };
		1129D39D1BF76535008453C0 /* AppDelegate.swift */ = {isa = PBXFileReference; lastKnownFileType = sourcecode.swift; path = AppDelegate.swift; sourceTree = "<group>"; };
		1129D39F1BF76535008453C0 /* ViewController.swift */ = {isa = PBXFileReference; lastKnownFileType = sourcecode.swift; path = ViewController.swift; sourceTree = "<group>"; };
		1129D3A41BF76535008453C0 /* Assets.xcassets */ = {isa = PBXFileReference; lastKnownFileType = folder.assetcatalog; path = Assets.xcassets; sourceTree = "<group>"; };
		1129D3AF1BF76592008453C0 /* playpause.png */ = {isa = PBXFileReference; lastKnownFileType = image.png; path = playpause.png; sourceTree = "<group>"; };
		1129D3B01BF76592008453C0 /* stop.png */ = {isa = PBXFileReference; lastKnownFileType = image.png; path = stop.png; sourceTree = "<group>"; };
		1129D3B21BF76592008453C0 /* Throne.mp3 */ = {isa = PBXFileReference; lastKnownFileType = audio.mp3; path = Throne.mp3; sourceTree = "<group>"; };
		1129D3BB1BF76592008453C0 /* Info.plist */ = {isa = PBXFileReference; fileEncoding = 4; lastKnownFileType = text.plist.xml; path = Info.plist; sourceTree = "<group>"; };
		1129D3BC1BF76592008453C0 /* LaunchScreen.xib */ = {isa = PBXFileReference; fileEncoding = 4; lastKnownFileType = file.xib; path = LaunchScreen.xib; sourceTree = "<group>"; };
		1129D3BD1BF76592008453C0 /* Main.storyboard */ = {isa = PBXFileReference; fileEncoding = 4; lastKnownFileType = file.storyboard; path = Main.storyboard; sourceTree = "<group>"; };
		11B30A4A1BFA28C2007328D4 /* Happy Song.mp3 */ = {isa = PBXFileReference; lastKnownFileType = audio.mp3; path = "Happy Song.mp3"; sourceTree = "<group>"; };
		11B30A4C1BFA2E66007328D4 /* True Friends.mp3 */ = {isa = PBXFileReference; lastKnownFileType = audio.mp3; path = "True Friends.mp3"; sourceTree = "<group>"; };
		11B30A4D1BFA2E66007328D4 /* Oh No.mp3 */ = {isa = PBXFileReference; lastKnownFileType = audio.mp3; path = "Oh No.mp3"; sourceTree = "<group>"; };
		11B30A501BFA2EB8007328D4 /* Lonely Soul.mp3 */ = {isa = PBXFileReference; lastKnownFileType = audio.mp3; path = "Lonely Soul.mp3"; sourceTree = "<group>"; };
		11B30A511BFA2EB8007328D4 /* Bloodstain.mp3 */ = {isa = PBXFileReference; lastKnownFileType = audio.mp3; path = Bloodstain.mp3; sourceTree = "<group>"; };
		11B30A521BFA2EB8007328D4 /* Unkle.mp3 */ = {isa = PBXFileReference; lastKnownFileType = audio.mp3; path = Unkle.mp3; sourceTree = "<group>"; };
		11B30A531BFA2EB8007328D4 /* Midnight.mp3 */ = {isa = PBXFileReference; lastKnownFileType = audio.mp3; path = Midnight.mp3; sourceTree = "<group>"; };
		11B30A541BFA2EB8007328D4 /* All About You.mp3 */ = {isa = PBXFileReference; lastKnownFileType = audio.mp3; path = "All About You.mp3"; sourceTree = "<group>"; };
		11B30A551BFA2EB8007328D4 /* Dear Mama.mp3 */ = {isa = PBXFileReference; lastKnownFileType = audio.mp3; path = "Dear Mama.mp3"; sourceTree = "<group>"; };
		11B30A561BFA2EB8007328D4 /* Changes.mp3 */ = {isa = PBXFileReference; lastKnownFileType = audio.mp3; path = Changes.mp3; sourceTree = "<group>"; };
		11B30A571BFA2EB8007328D4 /* Hit Em Up.mp3 */ = {isa = PBXFileReference; lastKnownFileType = audio.mp3; path = "Hit Em Up.mp3"; sourceTree = "<group>"; };
		11B30A581BFA2EB8007328D4 /* Candle Chant.mp3 */ = {isa = PBXFileReference; lastKnownFileType = audio.mp3; path = "Candle Chant.mp3"; sourceTree = "<group>"; };
		11B30A591BFA2EB8007328D4 /* Danger Of Love.mp3 */ = {isa = PBXFileReference; lastKnownFileType = audio.mp3; path = "Danger Of Love.mp3"; sourceTree = "<group>"; };
		11B30A5A1BFA2EB8007328D4 /* Song 1.mp3 */ = {isa = PBXFileReference; lastKnownFileType = audio.mp3; path = "Song 1.mp3"; sourceTree = "<group>"; };
		11B30A5B1BFA2EB8007328D4 /* Zen Approach.mp3 */ = {isa = PBXFileReference; lastKnownFileType = audio.mp3; path = "Zen Approach.mp3"; sourceTree = "<group>"; };
		11B30A5C1BFA2EB8007328D4 /* Back In Black.mp3 */ = {isa = PBXFileReference; lastKnownFileType = audio.mp3; path = "Back In Black.mp3"; sourceTree = "<group>"; };
		11B30A5D1BFA2EB8007328D4 /* Thunderstruck.mp3 */ = {isa = PBXFileReference; lastKnownFileType = audio.mp3; path = Thunderstruck.mp3; sourceTree = "<group>"; };
		11B30A5E1BFA2EB8007328D4 /* Moneytalks.mp3 */ = {isa = PBXFileReference; lastKnownFileType = audio.mp3; path = Moneytalks.mp3; sourceTree = "<group>"; };
		11B30A5F1BFA2EB8007328D4 /* Big Gun.mp3 */ = {isa = PBXFileReference; lastKnownFileType = audio.mp3; path = "Big Gun.mp3"; sourceTree = "<group>"; };
		11B30A601BFA2EB8007328D4 /* You're Nobody.mp3 */ = {isa = PBXFileReference; lastKnownFileType = audio.mp3; path = "You're Nobody.mp3"; sourceTree = "<group>"; };
		11B30A611BFA2EB8007328D4 /* Sky's The Limit.mp3 */ = {isa = PBXFileReference; lastKnownFileType = audio.mp3; path = "Sky's The Limit.mp3"; sourceTree = "<group>"; };
		11B30A621BFA2EB8007328D4 /* Notorious Thugs.mp3 */ = {isa = PBXFileReference; lastKnownFileType = audio.mp3; path = "Notorious Thugs.mp3"; sourceTree = "<group>"; };
		11B30A631BFA2EB8007328D4 /* Hypnotize.mp3 */ = {isa = PBXFileReference; lastKnownFileType = audio.mp3; path = Hypnotize.mp3; sourceTree = "<group>"; };
/* End PBXFileReference section */

/* Begin PBXFrameworksBuildPhase section */
		1129D3971BF76535008453C0 /* Frameworks */ = {
			isa = PBXFrameworksBuildPhase;
			buildActionMask = 2147483647;
			files = (
			);
			runOnlyForDeploymentPostprocessing = 0;
		};
/* End PBXFrameworksBuildPhase section */

/* Begin PBXGroup section */
		1129D3911BF76535008453C0 = {
			isa = PBXGroup;
			children = (
				1129D39C1BF76535008453C0 /* MusicPlayer */,
				1129D39B1BF76535008453C0 /* Products */,
			);
			sourceTree = "<group>";
		};
		1129D39B1BF76535008453C0 /* Products */ = {
			isa = PBXGroup;
			children = (
				1129D39A1BF76535008453C0 /* MusicPlayer.app */,
			);
			name = Products;
			sourceTree = "<group>";
		};
		1129D39C1BF76535008453C0 /* MusicPlayer */ = {
			isa = PBXGroup;
			children = (
				1129D3AF1BF76592008453C0 /* playpause.png */,
				11B30A4A1BFA28C2007328D4 /* Happy Song.mp3 */,
				11B30A4C1BFA2E66007328D4 /* True Friends.mp3 */,
				11B30A501BFA2EB8007328D4 /* Lonely Soul.mp3 */,
				11B30A511BFA2EB8007328D4 /* Bloodstain.mp3 */,
				11B30A521BFA2EB8007328D4 /* Unkle.mp3 */,
				11B30A531BFA2EB8007328D4 /* Midnight.mp3 */,
				11B30A541BFA2EB8007328D4 /* All About You.mp3 */,
				11B30A551BFA2EB8007328D4 /* Dear Mama.mp3 */,
				11B30A561BFA2EB8007328D4 /* Changes.mp3 */,
				11B30A571BFA2EB8007328D4 /* Hit Em Up.mp3 */,
				11B30A581BFA2EB8007328D4 /* Candle Chant.mp3 */,
				11B30A591BFA2EB8007328D4 /* Danger Of Love.mp3 */,
				11B30A5A1BFA2EB8007328D4 /* Song 1.mp3 */,
				11B30A5B1BFA2EB8007328D4 /* Zen Approach.mp3 */,
				11B30A5C1BFA2EB8007328D4 /* Back In Black.mp3 */,
				11B30A5D1BFA2EB8007328D4 /* Thunderstruck.mp3 */,
				11B30A5E1BFA2EB8007328D4 /* Moneytalks.mp3 */,
				11B30A5F1BFA2EB8007328D4 /* Big Gun.mp3 */,
				11B30A601BFA2EB8007328D4 /* You're Nobody.mp3 */,
				11B30A611BFA2EB8007328D4 /* Sky's The Limit.mp3 */,
				11B30A621BFA2EB8007328D4 /* Notorious Thugs.mp3 */,
				11B30A631BFA2EB8007328D4 /* Hypnotize.mp3 */,
				11B30A4D1BFA2E66007328D4 /* Oh No.mp3 */,
				1129D3B01BF76592008453C0 /* stop.png */,
				1129D3B21BF76592008453C0 /* Throne.mp3 */,
				1129D3BB1BF76592008453C0 /* Info.plist */,
				1129D3BC1BF76592008453C0 /* LaunchScreen.xib */,
				1129D3BD1BF76592008453C0 /* Main.storyboard */,
				1129D39D1BF76535008453C0 /* AppDelegate.swift */,
				1129D39F1BF76535008453C0 /* ViewController.swift */,
				1129D3A41BF76535008453C0 /* Assets.xcassets */,
			);
			path = MusicPlayer;
			sourceTree = "<group>";
		};
/* End PBXGroup section */

/* Begin PBXNativeTarget section */
		1129D3991BF76535008453C0 /* MusicPlayer */ = {
			isa = PBXNativeTarget;
			buildConfigurationList = 1129D3AC1BF76535008453C0 /* Build configuration list for PBXNativeTarget "MusicPlayer" */;
			buildPhases = (
				1129D3961BF76535008453C0 /* Sources */,
				1129D3971BF76535008453C0 /* Frameworks */,
				1129D3981BF76535008453C0 /* Resources */,
			);
			buildRules = (
			);
			dependencies = (
			);
			name = MusicPlayer;
			productName = MusicPlayer;
			productReference = 1129D39A1BF76535008453C0 /* MusicPlayer.app */;
			productType = "com.apple.product-type.application";
		};
/* End PBXNativeTarget section */

/* Begin PBXProject section */
		1129D3921BF76535008453C0 /* Project object */ = {
			isa = PBXProject;
			attributes = {
				LastUpgradeCheck = 0700;
				ORGANIZATIONNAME = Shapes;
				TargetAttributes = {
					1129D3991BF76535008453C0 = {
						CreatedOnToolsVersion = 7.0.1;
						DevelopmentTeam = CA95CW9B9P;
					};
				};
			};
			buildConfigurationList = 1129D3951BF76535008453C0 /* Build configuration list for PBXProject "MusicPlayer" */;
			compatibilityVersion = "Xcode 3.2";
			developmentRegion = English;
			hasScannedForEncodings = 0;
			knownRegions = (
				en,
				Base,
			);
			mainGroup = 1129D3911BF76535008453C0;
			productRefGroup = 1129D39B1BF76535008453C0 /* Products */;
			projectDirPath = "";
			projectRoot = "";
			targets = (
				1129D3991BF76535008453C0 /* MusicPlayer */,
			);
		};
/* End PBXProject section */

/* Begin PBXResourcesBuildPhase section */
		1129D3981BF76535008453C0 /* Resources */ = {
			isa = PBXResourcesBuildPhase;
			buildActionMask = 2147483647;
			files = (
				11B30A6F1BFA2EB8007328D4 /* Zen Approach.mp3 in Resources */,
				11B30A6C1BFA2EB8007328D4 /* Candle Chant.mp3 in Resources */,
				11B30A721BFA2EB8007328D4 /* Moneytalks.mp3 in Resources */,
				11B30A651BFA2EB8007328D4 /* Bloodstain.mp3 in Resources */,
				11B30A4F1BFA2E66007328D4 /* Oh No.mp3 in Resources */,
				11B30A6D1BFA2EB8007328D4 /* Danger Of Love.mp3 in Resources */,
				1129D3BE1BF76592008453C0 /* playpause.png in Resources */,
				11B30A751BFA2EB8007328D4 /* Sky's The Limit.mp3 in Resources */,
				11B30A641BFA2EB8007328D4 /* Lonely Soul.mp3 in Resources */,
				11B30A4B1BFA28C2007328D4 /* Happy Song.mp3 in Resources */,
				11B30A711BFA2EB8007328D4 /* Thunderstruck.mp3 in Resources */,
				1129D3CA1BF76592008453C0 /* Info.plist in Resources */,
				11B30A691BFA2EB8007328D4 /* Dear Mama.mp3 in Resources */,
				1129D3C11BF76592008453C0 /* Throne.mp3 in Resources */,
				11B30A6A1BFA2EB8007328D4 /* Changes.mp3 in Resources */,
				11B30A741BFA2EB8007328D4 /* You're Nobody.mp3 in Resources */,
				11B30A761BFA2EB8007328D4 /* Notorious Thugs.mp3 in Resources */,
				11B30A661BFA2EB8007328D4 /* Unkle.mp3 in Resources */,
				11B30A771BFA2EB8007328D4 /* Hypnotize.mp3 in Resources */,
				11B30A681BFA2EB8007328D4 /* All About You.mp3 in Resources */,
				11B30A731BFA2EB8007328D4 /* Big Gun.mp3 in Resources */,
				1129D3A51BF76535008453C0 /* Assets.xcassets in Resources */,
				11B30A6B1BFA2EB8007328D4 /* Hit Em Up.mp3 in Resources */,
				11B30A701BFA2EB8007328D4 /* Back In Black.mp3 in Resources */,
				1129D3CB1BF76592008453C0 /* LaunchScreen.xib in Resources */,
				11B30A4E1BFA2E66007328D4 /* True Friends.mp3 in Resources */,
				11B30A6E1BFA2EB8007328D4 /* Song 1.mp3 in Resources */,
				1129D3CC1BF76592008453C0 /* Main.storyboard in Resources */,
				11B30A671BFA2EB8007328D4 /* Midnight.mp3 in Resources */,
				1129D3BF1BF76592008453C0 /* stop.png in Resources */,
			);
			runOnlyForDeploymentPostprocessing = 0;
		};
/* End PBXResourcesBuildPhase section */

/* Begin PBXSourcesBuildPhase section */
		1129D3961BF76535008453C0 /* Sources */ = {
			isa = PBXSourcesBuildPhase;
			buildActionMask = 2147483647;
			files = (
				1129D3A01BF76535008453C0 /* ViewController.swift in Sources */,
				1129D39E1BF76535008453C0 /* AppDelegate.swift in Sources */,
			);
			runOnlyForDeploymentPostprocessing = 0;
		};
/* End PBXSourcesBuildPhase section */

/* Begin XCBuildConfiguration section */
		1129D3AA1BF76535008453C0 /* Debug */ = {
			isa = XCBuildConfiguration;
			buildSettings = {
				ALWAYS_SEARCH_USER_PATHS = NO;
				CLANG_CXX_LANGUAGE_STANDARD = "gnu++0x";
				CLANG_CXX_LIBRARY = "libc++";
				CLANG_ENABLE_MODULES = YES;
				CLANG_ENABLE_OBJC_ARC = YES;
				CLANG_WARN_BOOL_CONVERSION = YES;
				CLANG_WARN_CONSTANT_CONVERSION = YES;
				CLANG_WARN_DIRECT_OBJC_ISA_USAGE = YES_ERROR;
				CLANG_WARN_EMPTY_BODY = YES;
				CLANG_WARN_ENUM_CONVERSION = YES;
				CLANG_WARN_INT_CONVERSION = YES;
				CLANG_WARN_OBJC_ROOT_CLASS = YES_ERROR;
				CLANG_WARN_UNREACHABLE_CODE = YES;
				CLANG_WARN__DUPLICATE_METHOD_MATCH = YES;
				"CODE_SIGN_IDENTITY[sdk=iphoneos*]" = "iPhone Developer";
				COPY_PHASE_STRIP = NO;
				DEBUG_INFORMATION_FORMAT = dwarf;
				ENABLE_STRICT_OBJC_MSGSEND = YES;
				ENABLE_TESTABILITY = YES;
				GCC_C_LANGUAGE_STANDARD = gnu99;
				GCC_DYNAMIC_NO_PIC = NO;
				GCC_NO_COMMON_BLOCKS = YES;
				GCC_OPTIMIZATION_LEVEL = 0;
				GCC_PREPROCESSOR_DEFINITIONS = (
					"DEBUG=1",
					"$(inherited)",
				);
				GCC_WARN_64_TO_32_BIT_CONVERSION = YES;
				GCC_WARN_ABOUT_RETURN_TYPE = YES_ERROR;
				GCC_WARN_UNDECLARED_SELECTOR = YES;
				GCC_WARN_UNINITIALIZED_AUTOS = YES_AGGRESSIVE;
				GCC_WARN_UNUSED_FUNCTION = YES;
				GCC_WARN_UNUSED_VARIABLE = YES;
				IPHONEOS_DEPLOYMENT_TARGET = 9.0;
				MTL_ENABLE_DEBUG_INFO = YES;
				ONLY_ACTIVE_ARCH = YES;
				SDKROOT = iphoneos;
				SWIFT_OPTIMIZATION_LEVEL = "-Onone";
				TARGETED_DEVICE_FAMILY = "1,2";
			};
			name = Debug;
		};
		1129D3AB1BF76535008453C0 /* Release */ = {
			isa = XCBuildConfiguration;
			buildSettings = {
				ALWAYS_SEARCH_USER_PATHS = NO;
				CLANG_CXX_LANGUAGE_STANDARD = "gnu++0x";
				CLANG_CXX_LIBRARY = "libc++";
				CLANG_ENABLE_MODULES = YES;
				CLANG_ENABLE_OBJC_ARC = YES;
				CLANG_WARN_BOOL_CONVERSION = YES;
				CLANG_WARN_CONSTANT_CONVERSION = YES;
				CLANG_WARN_DIRECT_OBJC_ISA_USAGE = YES_ERROR;
				CLANG_WARN_EMPTY_BODY = YES;
				CLANG_WARN_ENUM_CONVERSION = YES;
				CLANG_WARN_INT_CONVERSION = YES;
				CLANG_WARN_OBJC_ROOT_CLASS = YES_ERROR;
				CLANG_WARN_UNREACHABLE_CODE = YES;
				CLANG_WARN__DUPLICATE_METHOD_MATCH = YES;
				"CODE_SIGN_IDENTITY[sdk=iphoneos*]" = "iPhone Developer";
				COPY_PHASE_STRIP = NO;
				DEBUG_INFORMATION_FORMAT = "dwarf-with-dsym";
				ENABLE_NS_ASSERTIONS = NO;
				ENABLE_STRICT_OBJC_MSGSEND = YES;
				GCC_C_LANGUAGE_STANDARD = gnu99;
				GCC_NO_COMMON_BLOCKS = YES;
				GCC_WARN_64_TO_32_BIT_CONVERSION = YES;
				GCC_WARN_ABOUT_RETURN_TYPE = YES_ERROR;
				GCC_WARN_UNDECLARED_SELECTOR = YES;
				GCC_WARN_UNINITIALIZED_AUTOS = YES_AGGRESSIVE;
				GCC_WARN_UNUSED_FUNCTION = YES;
				GCC_WARN_UNUSED_VARIABLE = YES;
				IPHONEOS_DEPLOYMENT_TARGET = 9.0;
				MTL_ENABLE_DEBUG_INFO = NO;
				SDKROOT = iphoneos;
				TARGETED_DEVICE_FAMILY = "1,2";
				VALIDATE_PRODUCT = YES;
			};
			name = Release;
		};
		1129D3AD1BF76535008453C0 /* Debug */ = {
			isa = XCBuildConfiguration;
			buildSettings = {
				ASSETCATALOG_COMPILER_APPICON_NAME = AppIcon;
				INFOPLIST_FILE = MusicPlayer/Info.plist;
				LD_RUNPATH_SEARCH_PATHS = "$(inherited) @executable_path/Frameworks";
				PRODUCT_BUNDLE_IDENTIFIER = wit.ie.MusicPlayer;
				PRODUCT_NAME = "$(TARGET_NAME)";
			};
			name = Debug;
		};
		1129D3AE1BF76535008453C0 /* Release */ = {
			isa = XCBuildConfiguration;
			buildSettings = {
				ASSETCATALOG_COMPILER_APPICON_NAME = AppIcon;
				INFOPLIST_FILE = MusicPlayer/Info.plist;
				LD_RUNPATH_SEARCH_PATHS = "$(inherited) @executable_path/Frameworks";
				PRODUCT_BUNDLE_IDENTIFIER = wit.ie.MusicPlayer;
				PRODUCT_NAME = "$(TARGET_NAME)";
			};
			name = Release;
		};
/* End XCBuildConfiguration section */

/* Begin XCConfigurationList section */
		1129D3951BF76535008453C0 /* Build configuration list for PBXProject "MusicPlayer" */ = {
			isa = XCConfigurationList;
			buildConfigurations = (
				1129D3AA1BF76535008453C0 /* Debug */,
				1129D3AB1BF76535008453C0 /* Release */,
			);
			defaultConfigurationIsVisible = 0;
			defaultConfigurationName = Release;
		};
		1129D3AC1BF76535008453C0 /* Build configuration list for PBXNativeTarget "MusicPlayer" */ = {
			isa = XCConfigurationList;
			buildConfigurations = (
				1129D3AD1BF76535008453C0 /* Debug */,
				1129D3AE1BF76535008453C0 /* Release */,
			);
			defaultConfigurationIsVisible = 0;
			defaultConfigurationName = Release;
		};
/* End XCConfigurationList section */
	};
	rootObject = 1129D3921BF76535008453C0 /* Project object */;
}
